
Microsoft Visual Studio Solution File, Format Version 12.00
Project("{FAE04EC0-301F-11D3-BF4B-00C04F79EFBC}") = "Olimp", "Olimp\Olimp.csproj", "{CAB321FB-AF84-4910-83B7-8BC3D4FCCADD}"
EndProject
Global
	GlobalSection(SolutionConfigurationPlatforms) = preSolution
		Debug|Any CPU = Debug|Any CPU
		Release|Any CPU = Release|Any CPU
	EndGlobalSection
	GlobalSection(ProjectConfigurationPlatforms) = postSolution
		{CAB321FB-AF84-4910-83B7-8BC3D4FCCADD}.Debug|Any CPU.ActiveCfg = Debug|Any CPU
		{CAB321FB-AF84-4910-83B7-8BC3D4FCCADD}.Debug|Any CPU.Build.0 = Debug|Any CPU
		{CAB321FB-AF84-4910-83B7-8BC3D4FCCADD}.Release|Any CPU.ActiveCfg = Release|Any CPU
		{CAB321FB-AF84-4910-83B7-8BC3D4FCCADD}.Release|Any CPU.Build.0 = Release|Any CPU
	EndGlobalSection
EndGlobal
